// !$*UTF8*$!
{
	archiveVersion = 1;
	classes = {
	};
	objectVersion = 46;
	objects = {

/* Begin PBXBuildFile section */
		D611090B1EC6B5A000B89DFE /* main.m in Sources */ = {isa = PBXBuildFile; fileRef = D611090A1EC6B5A000B89DFE /* main.m */; };
		D611090E1EC6B5A000B89DFE /* AppDelegate.m in Sources */ = {isa = PBXBuildFile; fileRef = D611090D1EC6B5A000B89DFE /* AppDelegate.m */; };
		D61109111EC6B5A100B89DFE /* ViewController.mm in Sources */ = {isa = PBXBuildFile; fileRef = D61109101EC6B5A100B89DFE /* ViewController.mm */; };
		D61109141EC6B5A100B89DFE /* Main.storyboard in Resources */ = {isa = PBXBuildFile; fileRef = D61109121EC6B5A100B89DFE /* Main.storyboard */; };
		D61109171EC6B5A100B89DFE /* RiverEngine.xcdatamodeld in Sources */ = {isa = PBXBuildFile; fileRef = D61109151EC6B5A100B89DFE /* RiverEngine.xcdatamodeld */; };
		D61109191EC6B5A100B89DFE /* Assets.xcassets in Resources */ = {isa = PBXBuildFile; fileRef = D61109181EC6B5A100B89DFE /* Assets.xcassets */; };
		D611091C1EC6B5A100B89DFE /* LaunchScreen.storyboard in Resources */ = {isa = PBXBuildFile; fileRef = D611091A1EC6B5A100B89DFE /* LaunchScreen.storyboard */; };
		D611094A1EC6BBBA00B89DFE /* UIKit.framework in Frameworks */ = {isa = PBXBuildFile; fileRef = D61109491EC6BBBA00B89DFE /* UIKit.framework */; };
		D611094C1EC6BBC300B89DFE /* OpenGLES.framework in Frameworks */ = {isa = PBXBuildFile; fileRef = D611094B1EC6BBC300B89DFE /* OpenGLES.framework */; };
		D64208A41ED68FC3009833A2 /* Application.mm in Sources */ = {isa = PBXBuildFile; fileRef = D64208931ED68FC3009833A2 /* Application.mm */; };
		D64208A51ED68FC3009833A2 /* Director.cpp in Sources */ = {isa = PBXBuildFile; fileRef = D64208941ED68FC3009833A2 /* Director.cpp */; };
		D64208A61ED68FC3009833A2 /* Scene.cpp in Sources */ = {isa = PBXBuildFile; fileRef = D64208961ED68FC3009833A2 /* Scene.cpp */; };
		D64208A71ED68FC3009833A2 /* GLES20View.m in Sources */ = {isa = PBXBuildFile; fileRef = D642089A1ED68FC3009833A2 /* GLES20View.m */; };
		D64208A81ED68FC3009833A2 /* GLProgram.cpp in Sources */ = {isa = PBXBuildFile; fileRef = D642089B1ED68FC3009833A2 /* GLProgram.cpp */; };
		D64208A91ED68FC3009833A2 /* GLProgramState.cpp in Sources */ = {isa = PBXBuildFile; fileRef = D642089D1ED68FC3009833A2 /* GLProgramState.cpp */; };
		D64208AA1ED68FC3009833A2 /* support_gl.mm in Sources */ = {isa = PBXBuildFile; fileRef = D64208A01ED68FC3009833A2 /* support_gl.mm */; };
		D6535F801EDFC43F00632E0B /* GameObject.cpp in Sources */ = {isa = PBXBuildFile; fileRef = D6535F7E1EDFC43F00632E0B /* GameObject.cpp */; };
		D6535F841EDFC84D00632E0B /* HelloWorldScene.cpp in Sources */ = {isa = PBXBuildFile; fileRef = D6535F821EDFC84D00632E0B /* HelloWorldScene.cpp */; };
		D6D6458F1ED7205100FDA749 /* FileUtils.mm in Sources */ = {isa = PBXBuildFile; fileRef = D6D6458D1ED7205100FDA749 /* FileUtils.mm */; };
		D6D645911ED72E6800FDA749 /* Shaders in Resources */ = {isa = PBXBuildFile; fileRef = D6D645901ED72E6800FDA749 /* Shaders */; };
/* End PBXBuildFile section */

/* Begin PBXContainerItemProxy section */
		D61109231EC6B5A100B89DFE /* PBXContainerItemProxy */ = {
			isa = PBXContainerItemProxy;
			containerPortal = D61108FE1EC6B5A000B89DFE /* Project object */;
			proxyType = 1;
			remoteGlobalIDString = D61109051EC6B5A000B89DFE;
			remoteInfo = RiverEngine;
		};
		D611092E1EC6B5A100B89DFE /* PBXContainerItemProxy */ = {
			isa = PBXContainerItemProxy;
			containerPortal = D61108FE1EC6B5A000B89DFE /* Project object */;
			proxyType = 1;
			remoteGlobalIDString = D61109051EC6B5A000B89DFE;
			remoteInfo = RiverEngine;
		};
/* End PBXContainerItemProxy section */

/* Begin PBXFileReference section */
		D61109061EC6B5A000B89DFE /* RiverEngine.app */ = {isa = PBXFileReference; explicitFileType = wrapper.application; includeInIndex = 0; path = RiverEngine.app; sourceTree = BUILT_PRODUCTS_DIR; };
		D611090A1EC6B5A000B89DFE /* main.m */ = {isa = PBXFileReference; lastKnownFileType = sourcecode.c.objc; path = main.m; sourceTree = "<group>"; };
		D611090C1EC6B5A000B89DFE /* AppDelegate.h */ = {isa = PBXFileReference; lastKnownFileType = sourcecode.c.h; path = AppDelegate.h; sourceTree = "<group>"; };
		D611090D1EC6B5A000B89DFE /* AppDelegate.m */ = {isa = PBXFileReference; lastKnownFileType = sourcecode.c.objc; path = AppDelegate.m; sourceTree = "<group>"; };
		D611090F1EC6B5A000B89DFE /* ViewController.h */ = {isa = PBXFileReference; lastKnownFileType = sourcecode.c.h; path = ViewController.h; sourceTree = "<group>"; };
		D61109101EC6B5A100B89DFE /* ViewController.mm */ = {isa = PBXFileReference; lastKnownFileType = sourcecode.cpp.objcpp; path = ViewController.mm; sourceTree = "<group>"; };
		D61109131EC6B5A100B89DFE /* Base */ = {isa = PBXFileReference; lastKnownFileType = file.storyboard; name = Base; path = Base.lproj/Main.storyboard; sourceTree = "<group>"; };
		D61109161EC6B5A100B89DFE /* RiverEngine.xcdatamodel */ = {isa = PBXFileReference; lastKnownFileType = wrapper.xcdatamodel; path = RiverEngine.xcdatamodel; sourceTree = "<group>"; };
		D61109181EC6B5A100B89DFE /* Assets.xcassets */ = {isa = PBXFileReference; lastKnownFileType = folder.assetcatalog; path = Assets.xcassets; sourceTree = "<group>"; };
		D611091B1EC6B5A100B89DFE /* Base */ = {isa = PBXFileReference; lastKnownFileType = file.storyboard; name = Base; path = Base.lproj/LaunchScreen.storyboard; sourceTree = "<group>"; };
		D611091D1EC6B5A100B89DFE /* Info.plist */ = {isa = PBXFileReference; lastKnownFileType = text.plist.xml; path = Info.plist; sourceTree = "<group>"; };
		D61109221EC6B5A100B89DFE /* RiverEngineTests.xctest */ = {isa = PBXFileReference; explicitFileType = wrapper.cfbundle; includeInIndex = 0; path = RiverEngineTests.xctest; sourceTree = BUILT_PRODUCTS_DIR; };
		D611092D1EC6B5A100B89DFE /* RiverEngineUITests.xctest */ = {isa = PBXFileReference; explicitFileType = wrapper.cfbundle; includeInIndex = 0; path = RiverEngineUITests.xctest; sourceTree = BUILT_PRODUCTS_DIR; };
		D61109491EC6BBBA00B89DFE /* UIKit.framework */ = {isa = PBXFileReference; lastKnownFileType = wrapper.framework; name = UIKit.framework; path = System/Library/Frameworks/UIKit.framework; sourceTree = SDKROOT; };
		D611094B1EC6BBC300B89DFE /* OpenGLES.framework */ = {isa = PBXFileReference; lastKnownFileType = wrapper.framework; name = OpenGLES.framework; path = System/Library/Frameworks/OpenGLES.framework; sourceTree = SDKROOT; };
		D64208921ED68FC3009833A2 /* Application.h */ = {isa = PBXFileReference; fileEncoding = 4; lastKnownFileType = sourcecode.c.h; path = Application.h; sourceTree = "<group>"; };
		D64208931ED68FC3009833A2 /* Application.mm */ = {isa = PBXFileReference; fileEncoding = 4; lastKnownFileType = sourcecode.cpp.objcpp; path = Application.mm; sourceTree = "<group>"; };
		D64208941ED68FC3009833A2 /* Director.cpp */ = {isa = PBXFileReference; fileEncoding = 4; lastKnownFileType = sourcecode.cpp.cpp; path = Director.cpp; sourceTree = "<group>"; };
		D64208951ED68FC3009833A2 /* Director.hpp */ = {isa = PBXFileReference; fileEncoding = 4; lastKnownFileType = sourcecode.cpp.h; path = Director.hpp; sourceTree = "<group>"; };
		D64208961ED68FC3009833A2 /* Scene.cpp */ = {isa = PBXFileReference; fileEncoding = 4; lastKnownFileType = sourcecode.cpp.cpp; path = Scene.cpp; sourceTree = "<group>"; };
		D64208971ED68FC3009833A2 /* Scene.hpp */ = {isa = PBXFileReference; fileEncoding = 4; lastKnownFileType = sourcecode.cpp.h; path = Scene.hpp; sourceTree = "<group>"; };
		D64208991ED68FC3009833A2 /* GLES20View.h */ = {isa = PBXFileReference; fileEncoding = 4; lastKnownFileType = sourcecode.c.h; path = GLES20View.h; sourceTree = "<group>"; };
		D642089A1ED68FC3009833A2 /* GLES20View.m */ = {isa = PBXFileReference; fileEncoding = 4; lastKnownFileType = sourcecode.c.objc; path = GLES20View.m; sourceTree = "<group>"; };
		D642089B1ED68FC3009833A2 /* GLProgram.cpp */ = {isa = PBXFileReference; fileEncoding = 4; lastKnownFileType = sourcecode.cpp.cpp; path = GLProgram.cpp; sourceTree = "<group>"; };
		D642089C1ED68FC3009833A2 /* GLProgram.hpp */ = {isa = PBXFileReference; fileEncoding = 4; lastKnownFileType = sourcecode.cpp.h; path = GLProgram.hpp; sourceTree = "<group>"; };
		D642089D1ED68FC3009833A2 /* GLProgramState.cpp */ = {isa = PBXFileReference; fileEncoding = 4; lastKnownFileType = sourcecode.cpp.cpp; path = GLProgramState.cpp; sourceTree = "<group>"; };
		D642089E1ED68FC3009833A2 /* GLProgramState.hpp */ = {isa = PBXFileReference; fileEncoding = 4; lastKnownFileType = sourcecode.cpp.h; path = GLProgramState.hpp; sourceTree = "<group>"; };
		D642089F1ED68FC3009833A2 /* support_gl.h */ = {isa = PBXFileReference; fileEncoding = 4; lastKnownFileType = sourcecode.c.h; path = support_gl.h; sourceTree = "<group>"; };
		D64208A01ED68FC3009833A2 /* support_gl.mm */ = {isa = PBXFileReference; fileEncoding = 4; lastKnownFileType = sourcecode.cpp.objcpp; path = support_gl.mm; sourceTree = "<group>"; };
		D6535F7E1EDFC43F00632E0B /* GameObject.cpp */ = {isa = PBXFileReference; fileEncoding = 4; lastKnownFileType = sourcecode.cpp.cpp; path = GameObject.cpp; sourceTree = "<group>"; };
		D6535F7F1EDFC43F00632E0B /* GameObject.hpp */ = {isa = PBXFileReference; fileEncoding = 4; lastKnownFileType = sourcecode.cpp.h; path = GameObject.hpp; sourceTree = "<group>"; };
		D6535F821EDFC84D00632E0B /* HelloWorldScene.cpp */ = {isa = PBXFileReference; explicitFileType = sourcecode.cpp.cpp; fileEncoding = 4; path = HelloWorldScene.cpp; sourceTree = "<group>"; };
		D6535F831EDFC84D00632E0B /* HelloWorldScene.hpp */ = {isa = PBXFileReference; fileEncoding = 4; lastKnownFileType = sourcecode.cpp.h; path = HelloWorldScene.hpp; sourceTree = "<group>"; };
		D6535F861EDFC8B100632E0B /* river.h */ = {isa = PBXFileReference; fileEncoding = 4; lastKnownFileType = sourcecode.c.h; path = river.h; sourceTree = "<group>"; };
		D6D6458D1ED7205100FDA749 /* FileUtils.mm */ = {isa = PBXFileReference; explicitFileType = sourcecode.cpp.objcpp; fileEncoding = 4; path = FileUtils.mm; sourceTree = "<group>"; };
		D6D6458E1ED7205100FDA749 /* FileUtils.hpp */ = {isa = PBXFileReference; explicitFileType = sourcecode.cpp.h; fileEncoding = 4; path = FileUtils.hpp; sourceTree = "<group>"; };
		D6D645901ED72E6800FDA749 /* Shaders */ = {isa = PBXFileReference; lastKnownFileType = folder; path = Shaders; sourceTree = "<group>"; };
/* End PBXFileReference section */

/* Begin PBXFrameworksBuildPhase section */
		D61109031EC6B5A000B89DFE /* Frameworks */ = {
			isa = PBXFrameworksBuildPhase;
			buildActionMask = 2147483647;
			files = (
				D611094C1EC6BBC300B89DFE /* OpenGLES.framework in Frameworks */,
				D611094A1EC6BBBA00B89DFE /* UIKit.framework in Frameworks */,
			);
			runOnlyForDeploymentPostprocessing = 0;
		};
		D611091F1EC6B5A100B89DFE /* Frameworks */ = {
			isa = PBXFrameworksBuildPhase;
			buildActionMask = 2147483647;
			files = (
			);
			runOnlyForDeploymentPostprocessing = 0;
		};
		D611092A1EC6B5A100B89DFE /* Frameworks */ = {
			isa = PBXFrameworksBuildPhase;
			buildActionMask = 2147483647;
			files = (
			);
			runOnlyForDeploymentPostprocessing = 0;
		};
/* End PBXFrameworksBuildPhase section */

/* Begin PBXGroup section */
		D61108FD1EC6B5A000B89DFE = {
			isa = PBXGroup;
			children = (
				D61109081EC6B5A000B89DFE /* RiverEngine */,
				D61109071EC6B5A000B89DFE /* Products */,
				D61109481EC6BBB900B89DFE /* Frameworks */,
			);
			sourceTree = "<group>";
		};
		D61109071EC6B5A000B89DFE /* Products */ = {
			isa = PBXGroup;
			children = (
				D61109061EC6B5A000B89DFE /* RiverEngine.app */,
				D61109221EC6B5A100B89DFE /* RiverEngineTests.xctest */,
				D611092D1EC6B5A100B89DFE /* RiverEngineUITests.xctest */,
			);
			name = Products;
			sourceTree = "<group>";
		};
		D61109081EC6B5A000B89DFE /* RiverEngine */ = {
			isa = PBXGroup;
			children = (
				D6535F811EDFC5EF00632E0B /* GameSources */,
				D6D645901ED72E6800FDA749 /* Shaders */,
				D64208901ED68FC3009833A2 /* RiverLibs */,
				D611090C1EC6B5A000B89DFE /* AppDelegate.h */,
				D611090D1EC6B5A000B89DFE /* AppDelegate.m */,
				D611090F1EC6B5A000B89DFE /* ViewController.h */,
				D61109101EC6B5A100B89DFE /* ViewController.mm */,
				D61109121EC6B5A100B89DFE /* Main.storyboard */,
				D61109181EC6B5A100B89DFE /* Assets.xcassets */,
				D611091A1EC6B5A100B89DFE /* LaunchScreen.storyboard */,
				D611091D1EC6B5A100B89DFE /* Info.plist */,
				D61109151EC6B5A100B89DFE /* RiverEngine.xcdatamodeld */,
				D61109091EC6B5A000B89DFE /* Supporting Files */,
			);
			path = RiverEngine;
			sourceTree = "<group>";
		};
		D61109091EC6B5A000B89DFE /* Supporting Files */ = {
			isa = PBXGroup;
			children = (
				D611090A1EC6B5A000B89DFE /* main.m */,
			);
			name = "Supporting Files";
			sourceTree = "<group>";
		};
		D61109481EC6BBB900B89DFE /* Frameworks */ = {
			isa = PBXGroup;
			children = (
				D611094B1EC6BBC300B89DFE /* OpenGLES.framework */,
				D61109491EC6BBBA00B89DFE /* UIKit.framework */,
			);
			name = Frameworks;
			sourceTree = "<group>";
		};
		D64208901ED68FC3009833A2 /* RiverLibs */ = {
			isa = PBXGroup;
			children = (
				D6535F851EDFC87F00632E0B /* Include */,
				D6535F7D1EDFC3E300632E0B /* GameObject */,
				D64208911ED68FC3009833A2 /* Base */,
				D64208981ED68FC3009833A2 /* Renderer */,
				D64208A11ED68FC3009833A2 /* Utils */,
			);
			path = RiverLibs;
			sourceTree = "<group>";
		};
		D64208911ED68FC3009833A2 /* Base */ = {
			isa = PBXGroup;
			children = (
				D64208921ED68FC3009833A2 /* Application.h */,
				D64208931ED68FC3009833A2 /* Application.mm */,
				D64208941ED68FC3009833A2 /* Director.cpp */,
				D64208951ED68FC3009833A2 /* Director.hpp */,
				D64208961ED68FC3009833A2 /* Scene.cpp */,
				D64208971ED68FC3009833A2 /* Scene.hpp */,
			);
			path = Base;
			sourceTree = "<group>";
		};
		D64208981ED68FC3009833A2 /* Renderer */ = {
			isa = PBXGroup;
			children = (
				D64208991ED68FC3009833A2 /* GLES20View.h */,
				D642089A1ED68FC3009833A2 /* GLES20View.m */,
				D642089B1ED68FC3009833A2 /* GLProgram.cpp */,
				D642089C1ED68FC3009833A2 /* GLProgram.hpp */,
				D642089D1ED68FC3009833A2 /* GLProgramState.cpp */,
				D642089E1ED68FC3009833A2 /* GLProgramState.hpp */,
				D642089F1ED68FC3009833A2 /* support_gl.h */,
				D64208A01ED68FC3009833A2 /* support_gl.mm */,
			);
			path = Renderer;
			sourceTree = "<group>";
		};
		D64208A11ED68FC3009833A2 /* Utils */ = {
			isa = PBXGroup;
			children = (
				D6D6458D1ED7205100FDA749 /* FileUtils.mm */,
				D6D6458E1ED7205100FDA749 /* FileUtils.hpp */,
			);
			path = Utils;
			sourceTree = "<group>";
		};
		D6535F7D1EDFC3E300632E0B /* GameObject */ = {
			isa = PBXGroup;
			children = (
				D6535F7E1EDFC43F00632E0B /* GameObject.cpp */,
				D6535F7F1EDFC43F00632E0B /* GameObject.hpp */,
			);
			path = GameObject;
			sourceTree = "<group>";
		};
		D6535F811EDFC5EF00632E0B /* GameSources */ = {
			isa = PBXGroup;
			children = (
				D6535F821EDFC84D00632E0B /* HelloWorldScene.cpp */,
				D6535F831EDFC84D00632E0B /* HelloWorldScene.hpp */,
			);
			path = GameSources;
			sourceTree = "<group>";
		};
		D6535F851EDFC87F00632E0B /* Include */ = {
			isa = PBXGroup;
			children = (
				D6535F861EDFC8B100632E0B /* river.h */,
			);
			path = Include;
			sourceTree = "<group>";
		};
/* End PBXGroup section */

/* Begin PBXNativeTarget section */
		D61109051EC6B5A000B89DFE /* RiverEngine */ = {
			isa = PBXNativeTarget;
			buildConfigurationList = D61109361EC6B5A100B89DFE /* Build configuration list for PBXNativeTarget "RiverEngine" */;
			buildPhases = (
				D61109021EC6B5A000B89DFE /* Sources */,
				D61109031EC6B5A000B89DFE /* Frameworks */,
				D61109041EC6B5A000B89DFE /* Resources */,
			);
			buildRules = (
			);
			dependencies = (
			);
			name = RiverEngine;
			productName = RiverEngine;
			productReference = D61109061EC6B5A000B89DFE /* RiverEngine.app */;
			productType = "com.apple.product-type.application";
		};
		D61109211EC6B5A100B89DFE /* RiverEngineTests */ = {
			isa = PBXNativeTarget;
			buildConfigurationList = D61109391EC6B5A100B89DFE /* Build configuration list for PBXNativeTarget "RiverEngineTests" */;
			buildPhases = (
				D611091E1EC6B5A100B89DFE /* Sources */,
				D611091F1EC6B5A100B89DFE /* Frameworks */,
				D61109201EC6B5A100B89DFE /* Resources */,
			);
			buildRules = (
			);
			dependencies = (
				D61109241EC6B5A100B89DFE /* PBXTargetDependency */,
			);
			name = RiverEngineTests;
			productName = RiverEngineTests;
			productReference = D61109221EC6B5A100B89DFE /* RiverEngineTests.xctest */;
			productType = "com.apple.product-type.bundle.unit-test";
		};
		D611092C1EC6B5A100B89DFE /* RiverEngineUITests */ = {
			isa = PBXNativeTarget;
			buildConfigurationList = D611093C1EC6B5A100B89DFE /* Build configuration list for PBXNativeTarget "RiverEngineUITests" */;
			buildPhases = (
				D61109291EC6B5A100B89DFE /* Sources */,
				D611092A1EC6B5A100B89DFE /* Frameworks */,
				D611092B1EC6B5A100B89DFE /* Resources */,
			);
			buildRules = (
			);
			dependencies = (
				D611092F1EC6B5A100B89DFE /* PBXTargetDependency */,
			);
			name = RiverEngineUITests;
			productName = RiverEngineUITests;
			productReference = D611092D1EC6B5A100B89DFE /* RiverEngineUITests.xctest */;
			productType = "com.apple.product-type.bundle.ui-testing";
		};
/* End PBXNativeTarget section */

/* Begin PBXProject section */
		D61108FE1EC6B5A000B89DFE /* Project object */ = {
			isa = PBXProject;
			attributes = {
				LastUpgradeCheck = 0830;
				ORGANIZATIONNAME = BiGRiVER;
				TargetAttributes = {
					D61109051EC6B5A000B89DFE = {
						CreatedOnToolsVersion = 8.3.2;
						DevelopmentTeam = 5NPG5R2A3R;
						ProvisioningStyle = Automatic;
					};
					D61109211EC6B5A100B89DFE = {
						CreatedOnToolsVersion = 8.3.2;
						DevelopmentTeam = 5NPG5R2A3R;
						ProvisioningStyle = Automatic;
						TestTargetID = D61109051EC6B5A000B89DFE;
					};
					D611092C1EC6B5A100B89DFE = {
						CreatedOnToolsVersion = 8.3.2;
						DevelopmentTeam = 5NPG5R2A3R;
						ProvisioningStyle = Automatic;
						TestTargetID = D61109051EC6B5A000B89DFE;
					};
				};
			};
			buildConfigurationList = D61109011EC6B5A000B89DFE /* Build configuration list for PBXProject "RiverEngine" */;
			compatibilityVersion = "Xcode 3.2";
			developmentRegion = English;
			hasScannedForEncodings = 0;
			knownRegions = (
				en,
				Base,
			);
			mainGroup = D61108FD1EC6B5A000B89DFE;
			productRefGroup = D61109071EC6B5A000B89DFE /* Products */;
			projectDirPath = "";
			projectRoot = "";
			targets = (
				D61109051EC6B5A000B89DFE /* RiverEngine */,
				D61109211EC6B5A100B89DFE /* RiverEngineTests */,
				D611092C1EC6B5A100B89DFE /* RiverEngineUITests */,
			);
		};
/* End PBXProject section */

/* Begin PBXResourcesBuildPhase section */
		D61109041EC6B5A000B89DFE /* Resources */ = {
			isa = PBXResourcesBuildPhase;
			buildActionMask = 2147483647;
			files = (
				D611091C1EC6B5A100B89DFE /* LaunchScreen.storyboard in Resources */,
				D6D645911ED72E6800FDA749 /* Shaders in Resources */,
				D61109191EC6B5A100B89DFE /* Assets.xcassets in Resources */,
				D61109141EC6B5A100B89DFE /* Main.storyboard in Resources */,
			);
			runOnlyForDeploymentPostprocessing = 0;
		};
		D61109201EC6B5A100B89DFE /* Resources */ = {
			isa = PBXResourcesBuildPhase;
			buildActionMask = 2147483647;
			files = (
			);
			runOnlyForDeploymentPostprocessing = 0;
		};
		D611092B1EC6B5A100B89DFE /* Resources */ = {
			isa = PBXResourcesBuildPhase;
			buildActionMask = 2147483647;
			files = (
			);
			runOnlyForDeploymentPostprocessing = 0;
		};
/* End PBXResourcesBuildPhase section */

/* Begin PBXSourcesBuildPhase section */
		D61109021EC6B5A000B89DFE /* Sources */ = {
			isa = PBXSourcesBuildPhase;
			buildActionMask = 2147483647;
			files = (
				D61109111EC6B5A100B89DFE /* ViewController.mm in Sources */,
				D64208A61ED68FC3009833A2 /* Scene.cpp in Sources */,
				D6535F841EDFC84D00632E0B /* HelloWorldScene.cpp in Sources */,
				D6535F801EDFC43F00632E0B /* GameObject.cpp in Sources */,
				D64208AA1ED68FC3009833A2 /* support_gl.mm in Sources */,
				D611090E1EC6B5A000B89DFE /* AppDelegate.m in Sources */,
				D64208A91ED68FC3009833A2 /* GLProgramState.cpp in Sources */,
				D61109171EC6B5A100B89DFE /* RiverEngine.xcdatamodeld in Sources */,
				D64208A41ED68FC3009833A2 /* Application.mm in Sources */,
				D611090B1EC6B5A000B89DFE /* main.m in Sources */,
				D64208A51ED68FC3009833A2 /* Director.cpp in Sources */,
				D64208A71ED68FC3009833A2 /* GLES20View.m in Sources */,
				D64208A81ED68FC3009833A2 /* GLProgram.cpp in Sources */,
				D6D6458F1ED7205100FDA749 /* FileUtils.mm in Sources */,
			);
			runOnlyForDeploymentPostprocessing = 0;
		};
		D611091E1EC6B5A100B89DFE /* Sources */ = {
			isa = PBXSourcesBuildPhase;
			buildActionMask = 2147483647;
			files = (
			);
			runOnlyForDeploymentPostprocessing = 0;
		};
		D61109291EC6B5A100B89DFE /* Sources */ = {
			isa = PBXSourcesBuildPhase;
			buildActionMask = 2147483647;
			files = (
			);
			runOnlyForDeploymentPostprocessing = 0;
		};
/* End PBXSourcesBuildPhase section */

/* Begin PBXTargetDependency section */
		D61109241EC6B5A100B89DFE /* PBXTargetDependency */ = {
			isa = PBXTargetDependency;
			target = D61109051EC6B5A000B89DFE /* RiverEngine */;
			targetProxy = D61109231EC6B5A100B89DFE /* PBXContainerItemProxy */;
		};
		D611092F1EC6B5A100B89DFE /* PBXTargetDependency */ = {
			isa = PBXTargetDependency;
			target = D61109051EC6B5A000B89DFE /* RiverEngine */;
			targetProxy = D611092E1EC6B5A100B89DFE /* PBXContainerItemProxy */;
		};
/* End PBXTargetDependency section */

/* Begin PBXVariantGroup section */
		D61109121EC6B5A100B89DFE /* Main.storyboard */ = {
			isa = PBXVariantGroup;
			children = (
				D61109131EC6B5A100B89DFE /* Base */,
			);
			name = Main.storyboard;
			sourceTree = "<group>";
		};
		D611091A1EC6B5A100B89DFE /* LaunchScreen.storyboard */ = {
			isa = PBXVariantGroup;
			children = (
				D611091B1EC6B5A100B89DFE /* Base */,
			);
			name = LaunchScreen.storyboard;
			sourceTree = "<group>";
		};
/* End PBXVariantGroup section */

/* Begin XCBuildConfiguration section */
		D61109341EC6B5A100B89DFE /* Debug */ = {
			isa = XCBuildConfiguration;
			buildSettings = {
				ALWAYS_SEARCH_USER_PATHS = NO;
				CLANG_ANALYZER_NONNULL = YES;
				CLANG_ANALYZER_NUMBER_OBJECT_CONVERSION = YES_AGGRESSIVE;
				CLANG_CXX_LANGUAGE_STANDARD = "gnu++0x";
				CLANG_CXX_LIBRARY = "libc++";
				CLANG_ENABLE_MODULES = YES;
				CLANG_ENABLE_OBJC_ARC = YES;
				CLANG_WARN_BOOL_CONVERSION = YES;
				CLANG_WARN_CONSTANT_CONVERSION = YES;
				CLANG_WARN_DIRECT_OBJC_ISA_USAGE = YES_ERROR;
				CLANG_WARN_DOCUMENTATION_COMMENTS = YES;
				CLANG_WARN_EMPTY_BODY = YES;
				CLANG_WARN_ENUM_CONVERSION = YES;
				CLANG_WARN_INFINITE_RECURSION = YES;
				CLANG_WARN_INT_CONVERSION = YES;
				CLANG_WARN_OBJC_ROOT_CLASS = YES_ERROR;
				CLANG_WARN_SUSPICIOUS_MOVE = YES;
				CLANG_WARN_UNREACHABLE_CODE = YES;
				CLANG_WARN__DUPLICATE_METHOD_MATCH = YES;
				"CODE_SIGN_IDENTITY[sdk=iphoneos*]" = "iPhone Developer";
				COPY_PHASE_STRIP = NO;
				DEBUG_INFORMATION_FORMAT = dwarf;
				ENABLE_STRICT_OBJC_MSGSEND = YES;
				ENABLE_TESTABILITY = YES;
				GCC_C_LANGUAGE_STANDARD = gnu99;
				GCC_DYNAMIC_NO_PIC = NO;
				GCC_NO_COMMON_BLOCKS = YES;
				GCC_OPTIMIZATION_LEVEL = 0;
				GCC_PREPROCESSOR_DEFINITIONS = (
					"DEBUG=1",
					"$(inherited)",
				);
				GCC_WARN_64_TO_32_BIT_CONVERSION = YES;
				GCC_WARN_ABOUT_RETURN_TYPE = YES_ERROR;
				GCC_WARN_UNDECLARED_SELECTOR = YES;
				GCC_WARN_UNINITIALIZED_AUTOS = YES_AGGRESSIVE;
				GCC_WARN_UNUSED_FUNCTION = YES;
				GCC_WARN_UNUSED_VARIABLE = YES;
				IPHONEOS_DEPLOYMENT_TARGET = 10.3;
				MTL_ENABLE_DEBUG_INFO = YES;
				ONLY_ACTIVE_ARCH = YES;
				SDKROOT = iphoneos;
				TARGETED_DEVICE_FAMILY = "1,2";
			};
			name = Debug;
		};
		D61109351EC6B5A100B89DFE /* Release */ = {
			isa = XCBuildConfiguration;
			buildSettings = {
				ALWAYS_SEARCH_USER_PATHS = NO;
				CLANG_ANALYZER_NONNULL = YES;
				CLANG_ANALYZER_NUMBER_OBJECT_CONVERSION = YES_AGGRESSIVE;
				CLANG_CXX_LANGUAGE_STANDARD = "gnu++0x";
				CLANG_CXX_LIBRARY = "libc++";
				CLANG_ENABLE_MODULES = YES;
				CLANG_ENABLE_OBJC_ARC = YES;
				CLANG_WARN_BOOL_CONVERSION = YES;
				CLANG_WARN_CONSTANT_CONVERSION = YES;
				CLANG_WARN_DIRECT_OBJC_ISA_USAGE = YES_ERROR;
				CLANG_WARN_DOCUMENTATION_COMMENTS = YES;
				CLANG_WARN_EMPTY_BODY = YES;
				CLANG_WARN_ENUM_CONVERSION = YES;
				CLANG_WARN_INFINITE_RECURSION = YES;
				CLANG_WARN_INT_CONVERSION = YES;
				CLANG_WARN_OBJC_ROOT_CLASS = YES_ERROR;
				CLANG_WARN_SUSPICIOUS_MOVE = YES;
				CLANG_WARN_UNREACHABLE_CODE = YES;
				CLANG_WARN__DUPLICATE_METHOD_MATCH = YES;
				"CODE_SIGN_IDENTITY[sdk=iphoneos*]" = "iPhone Developer";
				COPY_PHASE_STRIP = NO;
				DEBUG_INFORMATION_FORMAT = "dwarf-with-dsym";
				ENABLE_NS_ASSERTIONS = NO;
				ENABLE_STRICT_OBJC_MSGSEND = YES;
				GCC_C_LANGUAGE_STANDARD = gnu99;
				GCC_NO_COMMON_BLOCKS = YES;
				GCC_WARN_64_TO_32_BIT_CONVERSION = YES;
				GCC_WARN_ABOUT_RETURN_TYPE = YES_ERROR;
				GCC_WARN_UNDECLARED_SELECTOR = YES;
				GCC_WARN_UNINITIALIZED_AUTOS = YES_AGGRESSIVE;
				GCC_WARN_UNUSED_FUNCTION = YES;
				GCC_WARN_UNUSED_VARIABLE = YES;
				IPHONEOS_DEPLOYMENT_TARGET = 10.3;
				MTL_ENABLE_DEBUG_INFO = NO;
				SDKROOT = iphoneos;
				TARGETED_DEVICE_FAMILY = "1,2";
				VALIDATE_PRODUCT = YES;
			};
			name = Release;
		};
		D61109371EC6B5A100B89DFE /* Debug */ = {
			isa = XCBuildConfiguration;
			buildSettings = {
				ASSETCATALOG_COMPILER_APPICON_NAME = AppIcon;
				DEVELOPMENT_TEAM = 5NPG5R2A3R;
				"HEADER_SEARCH_PATHS[arch=*]" = "$(SRCROOT)/RiverEngine/RiverLibs";
				INFOPLIST_FILE = RiverEngine/Info.plist;
				IPHONEOS_DEPLOYMENT_TARGET = 10.0;
				LD_RUNPATH_SEARCH_PATHS = "$(inherited) @executable_path/Frameworks";
				PRODUCT_BUNDLE_IDENTIFIER = com.KyoheiOkawa.RiverEngine;
				PRODUCT_NAME = "$(TARGET_NAME)";
			};
			name = Debug;
		};
		D61109381EC6B5A100B89DFE /* Release */ = {
			isa = XCBuildConfiguration;
			buildSettings = {
				ASSETCATALOG_COMPILER_APPICON_NAME = AppIcon;
				DEVELOPMENT_TEAM = 5NPG5R2A3R;
				"HEADER_SEARCH_PATHS[arch=*]" = "$(SRCROOT)/RiverEngine/RiverLibs";
				INFOPLIST_FILE = RiverEngine/Info.plist;
				IPHONEOS_DEPLOYMENT_TARGET = 10.0;
				LD_RUNPATH_SEARCH_PATHS = "$(inherited) @executable_path/Frameworks";
				PRODUCT_BUNDLE_IDENTIFIER = com.KyoheiOkawa.RiverEngine;
				PRODUCT_NAME = "$(TARGET_NAME)";
			};
			name = Release;
		};
		D611093A1EC6B5A100B89DFE /* Debug */ = {
			isa = XCBuildConfiguration;
			buildSettings = {
				BUNDLE_LOADER = "$(TEST_HOST)";
				DEVELOPMENT_TEAM = 5NPG5R2A3R;
				INFOPLIST_FILE = RiverEngineTests/Info.plist;
				LD_RUNPATH_SEARCH_PATHS = "$(inherited) @executable_path/Frameworks @loader_path/Frameworks";
				PRODUCT_BUNDLE_IDENTIFIER = com.BiGRiVER.RiverEngineTests;
				PRODUCT_NAME = "$(TARGET_NAME)";
				TEST_HOST = "$(BUILT_PRODUCTS_DIR)/RiverEngine.app/RiverEngine";
			};
			name = Debug;
		};
		D611093B1EC6B5A100B89DFE /* Release */ = {
			isa = XCBuildConfiguration;
			buildSettings = {
				BUNDLE_LOADER = "$(TEST_HOST)";
				DEVELOPMENT_TEAM = 5NPG5R2A3R;
				INFOPLIST_FILE = RiverEngineTests/Info.plist;
				LD_RUNPATH_SEARCH_PATHS = "$(inherited) @executable_path/Frameworks @loader_path/Frameworks";
				PRODUCT_BUNDLE_IDENTIFIER = com.BiGRiVER.RiverEngineTests;
				PRODUCT_NAME = "$(TARGET_NAME)";
				TEST_HOST = "$(BUILT_PRODUCTS_DIR)/RiverEngine.app/RiverEngine";
			};
			name = Release;
		};
		D611093D1EC6B5A100B89DFE /* Debug */ = {
			isa = XCBuildConfiguration;
			buildSettings = {
				DEVELOPMENT_TEAM = 5NPG5R2A3R;
				INFOPLIST_FILE = RiverEngineUITests/Info.plist;
				LD_RUNPATH_SEARCH_PATHS = "$(inherited) @executable_path/Frameworks @loader_path/Frameworks";
				PRODUCT_BUNDLE_IDENTIFIER = com.BiGRiVER.RiverEngineUITests;
				PRODUCT_NAME = "$(TARGET_NAME)";
				TEST_TARGET_NAME = RiverEngine;
			};
			name = Debug;
		};
		D611093E1EC6B5A100B89DFE /* Release */ = {
			isa = XCBuildConfiguration;
			buildSettings = {
				DEVELOPMENT_TEAM = 5NPG5R2A3R;
				INFOPLIST_FILE = RiverEngineUITests/Info.plist;
				LD_RUNPATH_SEARCH_PATHS = "$(inherited) @executable_path/Frameworks @loader_path/Frameworks";
				PRODUCT_BUNDLE_IDENTIFIER = com.BiGRiVER.RiverEngineUITests;
				PRODUCT_NAME = "$(TARGET_NAME)";
				TEST_TARGET_NAME = RiverEngine;
			};
			name = Release;
		};
/* End XCBuildConfiguration section */

/* Begin XCConfigurationList section */
		D61109011EC6B5A000B89DFE /* Build configuration list for PBXProject "RiverEngine" */ = {
			isa = XCConfigurationList;
			buildConfigurations = (
				D61109341EC6B5A100B89DFE /* Debug */,
				D61109351EC6B5A100B89DFE /* Release */,
			);
			defaultConfigurationIsVisible = 0;
			defaultConfigurationName = Release;
		};
		D61109361EC6B5A100B89DFE /* Build configuration list for PBXNativeTarget "RiverEngine" */ = {
			isa = XCConfigurationList;
			buildConfigurations = (
				D61109371EC6B5A100B89DFE /* Debug */,
				D61109381EC6B5A100B89DFE /* Release */,
			);
			defaultConfigurationIsVisible = 0;
			defaultConfigurationName = Release;
		};
		D61109391EC6B5A100B89DFE /* Build configuration list for PBXNativeTarget "RiverEngineTests" */ = {
			isa = XCConfigurationList;
			buildConfigurations = (
				D611093A1EC6B5A100B89DFE /* Debug */,
				D611093B1EC6B5A100B89DFE /* Release */,
			);
			defaultConfigurationIsVisible = 0;
			defaultConfigurationName = Release;
		};
		D611093C1EC6B5A100B89DFE /* Build configuration list for PBXNativeTarget "RiverEngineUITests" */ = {
			isa = XCConfigurationList;
			buildConfigurations = (
				D611093D1EC6B5A100B89DFE /* Debug */,
				D611093E1EC6B5A100B89DFE /* Release */,
			);
			defaultConfigurationIsVisible = 0;
			defaultConfigurationName = Release;
		};
/* End XCConfigurationList section */

/* Begin XCVersionGroup section */
		D61109151EC6B5A100B89DFE /* RiverEngine.xcdatamodeld */ = {
			isa = XCVersionGroup;
			children = (
				D61109161EC6B5A100B89DFE /* RiverEngine.xcdatamodel */,
			);
			currentVersion = D61109161EC6B5A100B89DFE /* RiverEngine.xcdatamodel */;
			path = RiverEngine.xcdatamodeld;
			sourceTree = "<group>";
			versionGroupType = wrapper.xcdatamodel;
		};
/* End XCVersionGroup section */
	};
	rootObject = D61108FE1EC6B5A000B89DFE /* Project object */;
}
